<?xml version="1.0" encoding="utf-8"?>
<Project ToolsVersion="4.0" xmlns="http://schemas.microsoft.com/developer/msbuild/2003">
  <ItemGroup>
    <Filter Include="Source Files">
      <UniqueIdentifier>{4FC737F1-C7A5-4376-A066-2A32D752A2FF}</UniqueIdentifier>
      <Extensions>cpp;c;cc;cxx;c++;cppm;ixx;def;odl;idl;hpj;bat;asm;asmx</Extensions>
    </Filter>
    <Filter Include="Header Files">
      <UniqueIdentifier>{93995380-89BD-4b04-88EB-625FBE52EBFB}</UniqueIdentifier>
      <Extensions>h;hh;hpp;hxx;h++;hm;inl;inc;ipp;xsd</Extensions>
    </Filter>
    <Filter Include="Resource Files">
      <UniqueIdentifier>{67DA6AB6-F800-4c08-8B7A-83BB121AAD01}</UniqueIdentifier>
      <Extensions>rc;ico;cur;bmp;dlg;rc2;rct;bin;rgs;gif;jpg;jpeg;jpe;resx;tiff;tif;png;wav;mfcribbon-ms</Extensions>
    </Filter>
    <Filter Include="Source Files\server">
      <UniqueIdentifier>{ff62a47f-4cef-4978-8b78-4f142d22416e}</UniqueIdentifier>
    </Filter>
    <Filter Include="Source Files\client">
      <UniqueIdentifier>{fd330676-48e6-468b-868b-31a94eb72176}</UniqueIdentifier>
    </Filter>
    <Filter Include="Source Files\client\util">
      <UniqueIdentifier>{910d3a89-d5f0-4eab-acef-ba939acfd9e9}</UniqueIdentifier>
    </Filter>
    <Filter Include="Source Files\server\utils">
      <UniqueIdentifier>{f5556b75-8ccb-453c-8ba1-542ce4719499}</UniqueIdentifier>
    </Filter>
    <Filter Include="Source Files\server\maps">
      <UniqueIdentifier>{115b953d-2427-469c-a4e9-611529470d1a}</UniqueIdentifier>
    </Filter>
    <Filter Include="Source Files\server\packets">
      <UniqueIdentifier>{16a9a670-cb76-41d4-9a05-e3689406c17b}</UniqueIdentifier>
    </Filter>
  </ItemGroup>
  <ItemGroup>
    <None Include="client\index.html">
      <Filter>Source Files\client</Filter>
    </None>
    <None Include="public\client.js">
      <Filter>Source Files\client</Filter>
    </None>
    <None Include="client\style.css">
      <Filter>Source Files\client</Filter>
    </None>
    <None Include="public\Util\Packet.js">
      <Filter>Source Files\client\util</Filter>
    </None>
    <None Include="public\Util\Keys.js">
      <Filter>Source Files\client\util</Filter>
    </None>
    <None Include="public\Util\Extras.js">
      <Filter>Source Files\client\util</Filter>
    </None>
    <None Include="..\..\..\..\Downloads\dirt_l_0.svg" />
  </ItemGroup>
  <ItemGroup>
    <ClCompile Include="server\server.cpp">
      <Filter>Source Files\server</Filter>
    </ClCompile>
    <ClCompile Include="server\ws_handler.cpp">
      <Filter>Source Files\server</Filter>
    </ClCompile>
    <ClCompile Include="server\packet\Packet.cpp">
      <Filter>Source Files\server\packets</Filter>
    </ClCompile>
    <ClCompile Include="server\util\file_utils.cpp">
      <Filter>Source Files\server\utils</Filter>
    </ClCompile>
    <ClCompile Include="server\GameState.cpp">
      <Filter>Source Files\server</Filter>
    </ClCompile>
    <ClCompile Include="server\map\MapLoader.cpp">
      <Filter>Source Files\server\maps</Filter>
    </ClCompile>
    <ClCompile Include="server\chunk\ChunkCoord.cpp">
      <Filter>Source Files</Filter>
    </ClCompile>
  </ItemGroup>
  <ItemGroup>
    <ClInclude Include="server\ws_handler.h">
      <Filter>Source Files\server</Filter>
    </ClInclude>
    <ClInclude Include="server\packet\Packet.h">
      <Filter>Source Files\server\packets</Filter>
    </ClInclude>
    <ClInclude Include="server\util\file_utils.h">
      <Filter>Source Files\server\utils</Filter>
    </ClInclude>
    <ClInclude Include="server\GameState.h">
      <Filter>Source Files\server</Filter>
    </ClInclude>
    <ClInclude Include="server\map\MapLoader.h">
      <Filter>Source Files\server\maps</Filter>
    </ClInclude>
    <ClInclude Include="server\_types\GameTypes.h">
      <Filter>Header Files</Filter>
    </ClInclude>
    <ClInclude Include="server\map\Tile.h">
      <Filter>Header Files</Filter>
    </ClInclude>
    <ClInclude Include="server\map\Map.h">
      <Filter>Header Files</Filter>
    </ClInclude>
    <ClInclude Include="server\chunk\ChunkCoord.h">
      <Filter>Header Files</Filter>
    </ClInclude>
  </ItemGroup>
</Project>